
Microsoft Visual Studio Solution File, Format Version 12.00
# Visual Studio Version 16
VisualStudioVersion = 16.0.31911.196
MinimumVisualStudioVersion = 10.0.40219.1
Project("{FAE04EC0-301F-11D3-BF4B-00C04F79EFBC}") = "SortingByUsingOperator", "..\Operator, Overloading, Generic\SortingByUsingOperator\SortingByUsingOperator.csproj", "{63AF4B04-5440-46C6-A6CD-ED84DB444917}"
EndProject
Project("{FAE04EC0-301F-11D3-BF4B-00C04F79EFBC}") = "GenericClassPracticeExercise", "..\Operator, Overloading, Generic\GenericClassPracticeExercise\GenericClassPracticeExercise.csproj", "{422F5E59-EBDB-4F3F-A763-5391ED1C143C}"
EndProject
Global
	GlobalSection(SolutionConfigurationPlatforms) = preSolution
		Debug|Any CPU = Debug|Any CPU
		Release|Any CPU = Release|Any CPU
	EndGlobalSection
	GlobalSection(ProjectConfigurationPlatforms) = postSolution
		{63AF4B04-5440-46C6-A6CD-ED84DB444917}.Debug|Any CPU.ActiveCfg = Debug|Any CPU
		{63AF4B04-5440-46C6-A6CD-ED84DB444917}.Debug|Any CPU.Build.0 = Debug|Any CPU
		{63AF4B04-5440-46C6-A6CD-ED84DB444917}.Release|Any CPU.ActiveCfg = Release|Any CPU
		{63AF4B04-5440-46C6-A6CD-ED84DB444917}.Release|Any CPU.Build.0 = Release|Any CPU
		{422F5E59-EBDB-4F3F-A763-5391ED1C143C}.Debug|Any CPU.ActiveCfg = Debug|Any CPU
		{422F5E59-EBDB-4F3F-A763-5391ED1C143C}.Debug|Any CPU.Build.0 = Debug|Any CPU
		{422F5E59-EBDB-4F3F-A763-5391ED1C143C}.Release|Any CPU.ActiveCfg = Release|Any CPU
		{422F5E59-EBDB-4F3F-A763-5391ED1C143C}.Release|Any CPU.Build.0 = Release|Any CPU
	EndGlobalSection
	GlobalSection(SolutionProperties) = preSolution
		HideSolutionNode = FALSE
	EndGlobalSection
	GlobalSection(ExtensibilityGlobals) = postSolution
		SolutionGuid = {34AD9A46-51E0-40C2-A64E-9D74F599B133}
	EndGlobalSection
EndGlobal
